
Microsoft Visual Studio Solution File, Format Version 12.00
# Visual Studio Version 17
VisualStudioVersion = 17.10.34916.146
MinimumVisualStudioVersion = 10.0.40219.1
Project("{FAE04EC0-301F-11D3-BF4B-00C04F79EFBC}") = "DBTutorial", "DBTutorial\DBTutorial.csproj", "{1FA014EC-1521-4458-9F3A-00769C85CE7E}"
EndProject
Global
	GlobalSection(SolutionConfigurationPlatforms) = preSolution
		Debug|Any CPU = Debug|Any CPU
		Release|Any CPU = Release|Any CPU
	EndGlobalSection
	GlobalSection(ProjectConfigurationPlatforms) = postSolution
		{1FA014EC-1521-4458-9F3A-00769C85CE7E}.Debug|Any CPU.ActiveCfg = Debug|Any CPU
		{1FA014EC-1521-4458-9F3A-00769C85CE7E}.Debug|Any CPU.Build.0 = Debug|Any CPU
		{1FA014EC-1521-4458-9F3A-00769C85CE7E}.Release|Any CPU.ActiveCfg = Release|Any CPU
		{1FA014EC-1521-4458-9F3A-00769C85CE7E}.Release|Any CPU.Build.0 = Release|Any CPU
	EndGlobalSection
	GlobalSection(SolutionProperties) = preSolution
		HideSolutionNode = FALSE
	EndGlobalSection
	GlobalSection(ExtensibilityGlobals) = postSolution
		SolutionGuid = {3E1AF580-F998-4A2A-A2DD-C1FA3DE77270}
	EndGlobalSection
EndGlobal
