
Microsoft Visual Studio Solution File, Format Version 12.00
# Visual Studio Version 17
VisualStudioVersion = 17.10.35027.167
MinimumVisualStudioVersion = 10.0.40219.1
Project("{FAE04EC0-301F-11D3-BF4B-00C04F79EFBC}") = "DDArray4", "DDArray4\DDArray4.csproj", "{AB27E567-83F9-482B-8C4A-CF64D0D1D191}"
EndProject
Global
	GlobalSection(SolutionConfigurationPlatforms) = preSolution
		Debug|Any CPU = Debug|Any CPU
		Release|Any CPU = Release|Any CPU
	EndGlobalSection
	GlobalSection(ProjectConfigurationPlatforms) = postSolution
		{AB27E567-83F9-482B-8C4A-CF64D0D1D191}.Debug|Any CPU.ActiveCfg = Debug|Any CPU
		{AB27E567-83F9-482B-8C4A-CF64D0D1D191}.Debug|Any CPU.Build.0 = Debug|Any CPU
		{AB27E567-83F9-482B-8C4A-CF64D0D1D191}.Release|Any CPU.ActiveCfg = Release|Any CPU
		{AB27E567-83F9-482B-8C4A-CF64D0D1D191}.Release|Any CPU.Build.0 = Release|Any CPU
	EndGlobalSection
	GlobalSection(SolutionProperties) = preSolution
		HideSolutionNode = FALSE
	EndGlobalSection
	GlobalSection(ExtensibilityGlobals) = postSolution
		SolutionGuid = {2B63114C-D52F-4691-B3B4-EE186A98555D}
	EndGlobalSection
EndGlobal
