
Microsoft Visual Studio Solution File, Format Version 12.00
# Visual Studio Version 17
VisualStudioVersion = 17.10.34916.146
MinimumVisualStudioVersion = 10.0.40219.1
Project("{FAE04EC0-301F-11D3-BF4B-00C04F79EFBC}") = "StringsLecture", "StringsLecture\StringsLecture.csproj", "{6246A88A-5D18-4B1E-908D-26D92B62ECD6}"
EndProject
Global
	GlobalSection(SolutionConfigurationPlatforms) = preSolution
		Debug|Any CPU = Debug|Any CPU
		Release|Any CPU = Release|Any CPU
	EndGlobalSection
	GlobalSection(ProjectConfigurationPlatforms) = postSolution
		{6246A88A-5D18-4B1E-908D-26D92B62ECD6}.Debug|Any CPU.ActiveCfg = Debug|Any CPU
		{6246A88A-5D18-4B1E-908D-26D92B62ECD6}.Debug|Any CPU.Build.0 = Debug|Any CPU
		{6246A88A-5D18-4B1E-908D-26D92B62ECD6}.Release|Any CPU.ActiveCfg = Release|Any CPU
		{6246A88A-5D18-4B1E-908D-26D92B62ECD6}.Release|Any CPU.Build.0 = Release|Any CPU
	EndGlobalSection
	GlobalSection(SolutionProperties) = preSolution
		HideSolutionNode = FALSE
	EndGlobalSection
	GlobalSection(ExtensibilityGlobals) = postSolution
		SolutionGuid = {4F515A6B-6D2F-4B61-B556-7307634EA09F}
	EndGlobalSection
EndGlobal
