
Microsoft Visual Studio Solution File, Format Version 12.00
# Visual Studio Version 17
VisualStudioVersion = 17.10.35027.167
MinimumVisualStudioVersion = 10.0.40219.1
Project("{FAE04EC0-301F-11D3-BF4B-00C04F79EFBC}") = "Homework4", "Homework4\Homework4.csproj", "{CE194600-7E71-4E43-ADD9-953FC4E655AC}"
EndProject
Global
	GlobalSection(SolutionConfigurationPlatforms) = preSolution
		Debug|Any CPU = Debug|Any CPU
		Release|Any CPU = Release|Any CPU
	EndGlobalSection
	GlobalSection(ProjectConfigurationPlatforms) = postSolution
		{CE194600-7E71-4E43-ADD9-953FC4E655AC}.Debug|Any CPU.ActiveCfg = Debug|Any CPU
		{CE194600-7E71-4E43-ADD9-953FC4E655AC}.Debug|Any CPU.Build.0 = Debug|Any CPU
		{CE194600-7E71-4E43-ADD9-953FC4E655AC}.Release|Any CPU.ActiveCfg = Release|Any CPU
		{CE194600-7E71-4E43-ADD9-953FC4E655AC}.Release|Any CPU.Build.0 = Release|Any CPU
	EndGlobalSection
	GlobalSection(SolutionProperties) = preSolution
		HideSolutionNode = FALSE
	EndGlobalSection
	GlobalSection(ExtensibilityGlobals) = postSolution
		SolutionGuid = {A9B34E89-A527-4022-8EAF-4F5A2E09CA8A}
	EndGlobalSection
EndGlobal
