
Microsoft Visual Studio Solution File, Format Version 12.00
# Visual Studio Version 17
VisualStudioVersion = 17.10.35027.167
MinimumVisualStudioVersion = 10.0.40219.1
Project("{FAE04EC0-301F-11D3-BF4B-00C04F79EFBC}") = "ConsoleApp1", "ConsoleApp1\ConsoleApp1.csproj", "{D4A0D097-562C-489A-986B-59FCEDD7213C}"
EndProject
Global
	GlobalSection(SolutionConfigurationPlatforms) = preSolution
		Debug|Any CPU = Debug|Any CPU
		Release|Any CPU = Release|Any CPU
	EndGlobalSection
	GlobalSection(ProjectConfigurationPlatforms) = postSolution
		{D4A0D097-562C-489A-986B-59FCEDD7213C}.Debug|Any CPU.ActiveCfg = Debug|Any CPU
		{D4A0D097-562C-489A-986B-59FCEDD7213C}.Debug|Any CPU.Build.0 = Debug|Any CPU
		{D4A0D097-562C-489A-986B-59FCEDD7213C}.Release|Any CPU.ActiveCfg = Release|Any CPU
		{D4A0D097-562C-489A-986B-59FCEDD7213C}.Release|Any CPU.Build.0 = Release|Any CPU
	EndGlobalSection
	GlobalSection(SolutionProperties) = preSolution
		HideSolutionNode = FALSE
	EndGlobalSection
	GlobalSection(ExtensibilityGlobals) = postSolution
		SolutionGuid = {25D9E716-25D8-4C6B-B65B-6F7A96B8FAEB}
	EndGlobalSection
EndGlobal
