
Microsoft Visual Studio Solution File, Format Version 12.00
# Visual Studio Version 17
VisualStudioVersion = 17.10.35027.167
MinimumVisualStudioVersion = 10.0.40219.1
Project("{FAE04EC0-301F-11D3-BF4B-00C04F79EFBC}") = "Homework3", "Homework3\Homework3.csproj", "{AA79AED8-3D04-42C7-8678-FC25D049152B}"
EndProject
Global
	GlobalSection(SolutionConfigurationPlatforms) = preSolution
		Debug|Any CPU = Debug|Any CPU
		Release|Any CPU = Release|Any CPU
	EndGlobalSection
	GlobalSection(ProjectConfigurationPlatforms) = postSolution
		{AA79AED8-3D04-42C7-8678-FC25D049152B}.Debug|Any CPU.ActiveCfg = Debug|Any CPU
		{AA79AED8-3D04-42C7-8678-FC25D049152B}.Debug|Any CPU.Build.0 = Debug|Any CPU
		{AA79AED8-3D04-42C7-8678-FC25D049152B}.Release|Any CPU.ActiveCfg = Release|Any CPU
		{AA79AED8-3D04-42C7-8678-FC25D049152B}.Release|Any CPU.Build.0 = Release|Any CPU
	EndGlobalSection
	GlobalSection(SolutionProperties) = preSolution
		HideSolutionNode = FALSE
	EndGlobalSection
	GlobalSection(ExtensibilityGlobals) = postSolution
		SolutionGuid = {1DF7117E-E7E3-48C0-834F-62EB11148945}
	EndGlobalSection
EndGlobal
