
Microsoft Visual Studio Solution File, Format Version 12.00
# Visual Studio Version 17
VisualStudioVersion = 17.10.34916.146
MinimumVisualStudioVersion = 10.0.40219.1
Project("{FAE04EC0-301F-11D3-BF4B-00C04F79EFBC}") = "App3", "App3\App3.csproj", "{8EBD9651-B7A7-464B-8E02-EBE6B8DECF21}"
EndProject
Global
	GlobalSection(SolutionConfigurationPlatforms) = preSolution
		Debug|Any CPU = Debug|Any CPU
		Release|Any CPU = Release|Any CPU
	EndGlobalSection
	GlobalSection(ProjectConfigurationPlatforms) = postSolution
		{8EBD9651-B7A7-464B-8E02-EBE6B8DECF21}.Debug|Any CPU.ActiveCfg = Debug|Any CPU
		{8EBD9651-B7A7-464B-8E02-EBE6B8DECF21}.Debug|Any CPU.Build.0 = Debug|Any CPU
		{8EBD9651-B7A7-464B-8E02-EBE6B8DECF21}.Release|Any CPU.ActiveCfg = Release|Any CPU
		{8EBD9651-B7A7-464B-8E02-EBE6B8DECF21}.Release|Any CPU.Build.0 = Release|Any CPU
	EndGlobalSection
	GlobalSection(SolutionProperties) = preSolution
		HideSolutionNode = FALSE
	EndGlobalSection
	GlobalSection(ExtensibilityGlobals) = postSolution
		SolutionGuid = {F0446E9C-605F-44CC-A2AD-B18DC1CDC020}
	EndGlobalSection
EndGlobal
