
Microsoft Visual Studio Solution File, Format Version 12.00
# Visual Studio Version 17
VisualStudioVersion = 17.10.34916.146
MinimumVisualStudioVersion = 10.0.40219.1
Project("{FAE04EC0-301F-11D3-BF4B-00C04F79EFBC}") = "BusReservation", "BusReservation\BusReservation.csproj", "{D08273D7-15A8-4471-A5BF-13EB10F85B1A}"
EndProject
Global
	GlobalSection(SolutionConfigurationPlatforms) = preSolution
		Debug|Any CPU = Debug|Any CPU
		Release|Any CPU = Release|Any CPU
	EndGlobalSection
	GlobalSection(ProjectConfigurationPlatforms) = postSolution
		{D08273D7-15A8-4471-A5BF-13EB10F85B1A}.Debug|Any CPU.ActiveCfg = Debug|Any CPU
		{D08273D7-15A8-4471-A5BF-13EB10F85B1A}.Debug|Any CPU.Build.0 = Debug|Any CPU
		{D08273D7-15A8-4471-A5BF-13EB10F85B1A}.Release|Any CPU.ActiveCfg = Release|Any CPU
		{D08273D7-15A8-4471-A5BF-13EB10F85B1A}.Release|Any CPU.Build.0 = Release|Any CPU
	EndGlobalSection
	GlobalSection(SolutionProperties) = preSolution
		HideSolutionNode = FALSE
	EndGlobalSection
	GlobalSection(ExtensibilityGlobals) = postSolution
		SolutionGuid = {4ADDE099-5DE8-4D5A-AC27-95DBEE3BDF90}
	EndGlobalSection
EndGlobal
